
Microsoft Visual Studio Solution File, Format Version 12.00
# Visual Studio Version 16
VisualStudioVersion = 16.0.31702.278
MinimumVisualStudioVersion = 10.0.40219.1
Project("{9A19103F-16F7-4668-BE54-9A1E7A4F7556}") = "ask-read-data", "ask-read-data\ask-read-data.csproj", "{C59E9D6D-D91F-487C-A6F6-BB28A04C60DF}"
EndProject
Global
	GlobalSection(SolutionConfigurationPlatforms) = preSolution
		Debug|Any CPU = Debug|Any CPU
		Release|Any CPU = Release|Any CPU
	EndGlobalSection
	GlobalSection(ProjectConfigurationPlatforms) = postSolution
		{C59E9D6D-D91F-487C-A6F6-BB28A04C60DF}.Debug|Any CPU.ActiveCfg = Debug|Any CPU
		{C59E9D6D-D91F-487C-A6F6-BB28A04C60DF}.Debug|Any CPU.Build.0 = Debug|Any CPU
		{C59E9D6D-D91F-487C-A6F6-BB28A04C60DF}.Release|Any CPU.ActiveCfg = Release|Any CPU
		{C59E9D6D-D91F-487C-A6F6-BB28A04C60DF}.Release|Any CPU.Build.0 = Release|Any CPU
	EndGlobalSection
	GlobalSection(SolutionProperties) = preSolution
		HideSolutionNode = FALSE
	EndGlobalSection
	GlobalSection(ExtensibilityGlobals) = postSolution
		SolutionGuid = {11B12333-C614-46F3-8F18-FEF6B7D6FEEB}
	EndGlobalSection
EndGlobal
